{
  "nodes": {
    "nixpkgs": {
      "locked": {
        "lastModified": 1710420202,
        "narHash": "sha256-MvFKESbq4rUWuaf2RKPNYENaSZEw/jaCLo2gU6oREcM=",
        "path": "/nix/store/kvdq6h9sw9aj2s19hrzfscky2i8w2qnv-source",
        "rev": "878ef7d9721bee9f81f8a80819f9211ad1f993da",
        "type": "path"
      },
      "original": {
        "id": "nixpkgs",
        "type": "indirect"
      }
    },
    "root": {
      "inputs": {
        "nixpkgs": "nixpkgs"
      }
    }
  },
  "root": "root",
  "version": 7
}
